{
    "_meta": {
        "hash": {
            "sha256": "e5aaa72f44ea22e10dbafa4923ba3f19c0a0bac7f4091827f168381d82029ee8"
        },
        "pipfile-spec": 6,
        "requires": {
            "python_version": "3.9"
        },
        "sources": [
            {
                "name": "pypi",
                "url": "https://pypi.org/simple",
                "verify_ssl": true
            }
        ]
    },
    "default": {
        "pysdl2": {
            "hashes": [
                "sha256:93e51057d39fd583b80001d42b21d5a3f71e30d489d85924d944b2c7350e2da6",
                "sha256:ff9878c3c64f26c384ba59360f784be7ec3ae5d5fbc7abae3c05a69a2ad6299b"
            ],
            "index": "pypi",
            "version": "==0.9.11"
        }
    },
    "develop": {}
}
